
Microsoft Visual Studio Solution File, Format Version 12.00
# Visual Studio Version 17
VisualStudioVersion = 17.5.33627.172
MinimumVisualStudioVersion = 10.0.40219.1
Project("{F184B08F-C81C-45F6-A57F-5ABD9991F28F}") = "Project2", "Project2.vbproj", "{4E96FD7A-5DEA-4478-8080-7504D7B46EA9}"
EndProject
Global
	GlobalSection(SolutionConfigurationPlatforms) = preSolution
		Debug|Any CPU = Debug|Any CPU
		Release|Any CPU = Release|Any CPU
	EndGlobalSection
	GlobalSection(ProjectConfigurationPlatforms) = postSolution
		{4E96FD7A-5DEA-4478-8080-7504D7B46EA9}.Debug|Any CPU.ActiveCfg = Debug|Any CPU
		{4E96FD7A-5DEA-4478-8080-7504D7B46EA9}.Debug|Any CPU.Build.0 = Debug|Any CPU
		{4E96FD7A-5DEA-4478-8080-7504D7B46EA9}.Release|Any CPU.ActiveCfg = Release|Any CPU
		{4E96FD7A-5DEA-4478-8080-7504D7B46EA9}.Release|Any CPU.Build.0 = Release|Any CPU
	EndGlobalSection
	GlobalSection(SolutionProperties) = preSolution
		HideSolutionNode = FALSE
	EndGlobalSection
	GlobalSection(ExtensibilityGlobals) = postSolution
		SolutionGuid = {9732722E-8536-45CF-BA0B-AB554B0DF731}
	EndGlobalSection
EndGlobal
